
Microsoft Visual Studio Solution File, Format Version 12.00
# Visual Studio Version 17
VisualStudioVersion = 17.14.36109.1 d17.14
MinimumVisualStudioVersion = 10.0.40219.1
Project("{FAE04EC0-301F-11D3-BF4B-00C04F79EFBC}") = "SignalR_WebApplication", "SignalR_WebApplication.csproj", "{768664EE-2CCE-4B9E-986B-9E8720AFF8DB}"
EndProject
Global
	GlobalSection(SolutionConfigurationPlatforms) = preSolution
		Debug|Any CPU = Debug|Any CPU
		Release|Any CPU = Release|Any CPU
	EndGlobalSection
	GlobalSection(ProjectConfigurationPlatforms) = postSolution
		{768664EE-2CCE-4B9E-986B-9E8720AFF8DB}.Debug|Any CPU.ActiveCfg = Debug|Any CPU
		{768664EE-2CCE-4B9E-986B-9E8720AFF8DB}.Debug|Any CPU.Build.0 = Debug|Any CPU
		{768664EE-2CCE-4B9E-986B-9E8720AFF8DB}.Release|Any CPU.ActiveCfg = Release|Any CPU
		{768664EE-2CCE-4B9E-986B-9E8720AFF8DB}.Release|Any CPU.Build.0 = Release|Any CPU
	EndGlobalSection
	GlobalSection(SolutionProperties) = preSolution
		HideSolutionNode = FALSE
	EndGlobalSection
	GlobalSection(ExtensibilityGlobals) = postSolution
		SolutionGuid = {402E805A-0BC3-4802-91AD-54D7F3DC1120}
	EndGlobalSection
EndGlobal
